github.com/certifi/gocertifi v0.0.0-20191021191039-0944d244cd40 h1:xvUo53O5MRZhVMJAxWCJcS5HHrqAiAG9SJ1LpMu6aAI=
github.com/certifi/gocertifi v0.0.0-20191021191039-0944d244cd40/go.mod h1:sGbDF6GwGcLpkNXPUTkMRoywsNa/ol15pxFe6ERfguA=
github.com/eclipse/paho.mqtt.golang v1.2.0 h1:1F8mhG9+aO5/xpdtFkW4SxOJB67ukuDC3t2y2qayIX0=
github.com/eclipse/paho.mqtt.golang v1.2.0/go.mod h1:H9keYFcgq3Qr5OUJm/JZI/i6U7joQ8SYLhZwfeOo6Ts=
github.com/getsentry/raven-go v0.2.0 h1:no+xWJRb5ZI7eE8TWgIq1jLulQiIoLG0IfYxv5JYMGs=
github.com/getsentry/raven-go v0.2.0/go.mod h1:KungGk8q33+aIAZUIVWZDr2OfAEBsO49PX4NzFV5kcQ=
github.com/pkg/errors v0.8.1 h1:iURUrRGxPUNPdy5/HRSm+Yj6okJ6UtLINN0Q9M4+h3I=
github.com/pkg/errors v0.8.1/go.mod h1:bwawxfHBFNV+L2hUp1rHADufV3IMtnDRdf1r5NINEl0=
golang.org/x/crypto v0.0.0-20190308221718-c2843e01d9a2/go.mod h1:djNgcEr1/C05ACkg1iLfiJU5Ep61QUkGW8qpdssI0+w=
golang.org/x/net v0.0.0-20191126235420-ef20fe5d7933 h1:e6HwijUxhDe+hPNjZQQn9bA5PW3vNmnN64U2ZW759Lk=
golang.org/x/net v0.0.0-20191126235420-ef20fe5d7933/go.mod h1:z5CRVTTTmAJ677TzLLGU+0bjPO0LkuOLi4/5GtJWs/s=
golang.org/x/sys v0.0.0-20190215142949-d0b11bdaac8a/go.mod h1:STP8DvDyc/dI5b8T5hshtkjS+E42TnysNCUPdjciGhY=
golang.org/x/text v0.3.0/go.mod h1:NqM8EUOU14njkJ3fqMW+pc6Ldnwhi/IjpwHt7yyuwOQ=
